<?xml version="1.0" encoding="utf-8"?>
<Project ToolsVersion="4.0" xmlns="http://schemas.microsoft.com/developer/msbuild/2003">
  <ItemGroup>
    <Filter Include="Source Files">
      <UniqueIdentifier>{4FC737F1-C7A5-4376-A066-2A32D752A2FF}</UniqueIdentifier>
      <Extensions>cpp;c;cc;cxx;c++;cppm;ixx;def;odl;idl;hpj;bat;asm;asmx</Extensions>
    </Filter>
    <Filter Include="Header Files">
      <UniqueIdentifier>{93995380-89BD-4b04-88EB-625FBE52EBFB}</UniqueIdentifier>
      <Extensions>h;hh;hpp;hxx;h++;hm;inl;inc;ipp;xsd</Extensions>
    </Filter>
    <Filter Include="Resource Files">
      <UniqueIdentifier>{67DA6AB6-F800-4c08-8B7A-83BB121AAD01}</UniqueIdentifier>
      <Extensions>rc;ico;cur;bmp;dlg;rc2;rct;bin;rgs;gif;jpg;jpeg;jpe;resx;tiff;tif;png;wav;mfcribbon-ms</Extensions>
    </Filter>
    <Filter Include="Objects">
      <UniqueIdentifier>{8aadf71c-e731-478e-b28a-36a5de4cd82a}</UniqueIdentifier>
    </Filter>
    <Filter Include="TreeTops">
      <UniqueIdentifier>{d7158b5d-8efb-4b4e-b40c-b60dec6ce76e}</UniqueIdentifier>
    </Filter>
    <Filter Include="TownSquare">
      <UniqueIdentifier>{0f6396b0-4c53-41fd-bfb9-8ff0a99aba3d}</UniqueIdentifier>
    </Filter>
    <Filter Include="GnorcCove">
      <UniqueIdentifier>{650470e9-d403-41c7-b46a-1defd9a95828}</UniqueIdentifier>
    </Filter>
  </ItemGroup>
  <ItemGroup>
    <ClInclude Include="framework.h">
      <Filter>Header Files</Filter>
    </ClInclude>
    <ClInclude Include="pch.h">
      <Filter>Header Files</Filter>
    </ClInclude>
    <ClInclude Include="mod.h">
      <Filter>Header Files</Filter>
    </ClInclude>
    <ClInclude Include="objects.h">
      <Filter>Header Files</Filter>
    </ClInclude>
    <ClInclude Include="levels.h">
      <Filter>Header Files</Filter>
    </ClInclude>
    <ClInclude Include="levelranks.h">
      <Filter>Header Files</Filter>
    </ClInclude>
    <ClInclude Include="leveltasks.h">
      <Filter>Header Files</Filter>
    </ClInclude>
    <ClInclude Include="utils.h">
      <Filter>Header Files</Filter>
    </ClInclude>
    <ClInclude Include="graphics.h">
      <Filter>Header Files</Filter>
    </ClInclude>
    <ClInclude Include="level-treetops\paths.h">
      <Filter>Header Files</Filter>
    </ClInclude>
    <ClInclude Include="level-treetops\deathzones.h">
      <Filter>Header Files</Filter>
    </ClInclude>
  </ItemGroup>
  <ItemGroup>
    <ClCompile Include="dllmain.cpp">
      <Filter>Source Files</Filter>
    </ClCompile>
    <ClCompile Include="pch.cpp">
      <Filter>Source Files</Filter>
    </ClCompile>
    <ClCompile Include="mod.cpp">
      <Filter>Source Files</Filter>
    </ClCompile>
    <ClCompile Include="graphics.cpp">
      <Filter>Source Files</Filter>
    </ClCompile>
    <ClCompile Include="levels.cpp">
      <Filter>Source Files</Filter>
    </ClCompile>
    <ClCompile Include="leveltasks.cpp">
      <Filter>Source Files</Filter>
    </ClCompile>
    <ClCompile Include="levelranks.cpp">
      <Filter>Source Files</Filter>
    </ClCompile>
    <ClCompile Include="objects.cpp">
      <Filter>Source Files</Filter>
    </ClCompile>
    <ClCompile Include="utils.cpp">
      <Filter>Source Files</Filter>
    </ClCompile>
    <ClCompile Include="programming\AnimationFile.cpp">
      <Filter>Source Files</Filter>
    </ClCompile>
    <ClCompile Include="programming\LandTableInfo.cpp">
      <Filter>Source Files</Filter>
    </ClCompile>
    <ClCompile Include="programming\ModelInfo.cpp">
      <Filter>Source Files</Filter>
    </ClCompile>
    <ClCompile Include="programming\Trampoline.cpp">
      <Filter>Source Files</Filter>
    </ClCompile>
    <ClCompile Include="level-treetops\tt-level.cpp">
      <Filter>TreeTops</Filter>
    </ClCompile>
    <ClCompile Include="level-treetops\tt-levelranks.cpp">
      <Filter>TreeTops</Filter>
    </ClCompile>
    <ClCompile Include="level-treetops\tt-leveltask.cpp">
      <Filter>TreeTops</Filter>
    </ClCompile>
    <ClCompile Include="level-treetops\tt-paths.cpp">
      <Filter>TreeTops</Filter>
    </ClCompile>
    <ClCompile Include="level-treetops\tt-deathzones.cpp">
      <Filter>TreeTops</Filter>
    </ClCompile>
    <ClCompile Include="level-treetops\tt-graphics.cpp">
      <Filter>TreeTops</Filter>
    </ClCompile>
    <ClCompile Include="level-townsquare\ts-deathzones.cpp">
      <Filter>TownSquare</Filter>
    </ClCompile>
    <ClCompile Include="level-townsquare\ts-graphics.cpp">
      <Filter>TownSquare</Filter>
    </ClCompile>
    <ClCompile Include="level-townsquare\ts-level.cpp">
      <Filter>TownSquare</Filter>
    </ClCompile>
    <ClCompile Include="level-townsquare\ts-levelranks.cpp">
      <Filter>TownSquare</Filter>
    </ClCompile>
    <ClCompile Include="level-townsquare\ts-leveltask.cpp">
      <Filter>TownSquare</Filter>
    </ClCompile>
    <ClCompile Include="level-townsquare\ts-paths.cpp">
      <Filter>TownSquare</Filter>
    </ClCompile>
    <ClCompile Include="level-gnorccove\gc-deathzones.cpp">
      <Filter>GnorcCove</Filter>
    </ClCompile>
    <ClCompile Include="level-gnorccove\gc-graphics.cpp">
      <Filter>GnorcCove</Filter>
    </ClCompile>
    <ClCompile Include="level-gnorccove\gc-level.cpp">
      <Filter>GnorcCove</Filter>
    </ClCompile>
    <ClCompile Include="level-gnorccove\gc-levelranks.cpp">
      <Filter>GnorcCove</Filter>
    </ClCompile>
    <ClCompile Include="level-gnorccove\gc-leveltask.cpp">
      <Filter>GnorcCove</Filter>
    </ClCompile>
    <ClCompile Include="level-gnorccove\gc-paths.cpp">
      <Filter>GnorcCove</Filter>
    </ClCompile>
  </ItemGroup>
</Project>